// !$*UTF8*$!
{
	archiveVersion = 1;
	classes = {
	};
	objectVersion = 46;
	objects = {

/* Begin PBXAggregateTarget section */
		BEA76BB21C6851E600BF5C94 /* OCLint */ = {
			isa = PBXAggregateTarget;
			buildConfigurationList = BEA76BB51C6851E600BF5C94 /* Build configuration list for PBXAggregateTarget "OCLint" */;
			buildPhases = (
				BEA76BB81C68520400BF5C94 /* ShellScript */,
			);
			dependencies = (
				BEA76BB71C68520000BF5C94 /* PBXTargetDependency */,
			);
			name = OCLint;
			productName = OCLint;
		};
/* End PBXAggregateTarget section */

/* Begin PBXBuildFile section */
		BE0976CA1C573571001E6467 /* RGLockboxSpec.m in Sources */ = {isa = PBXBuildFile; fileRef = BE0976C91C573571001E6467 /* RGLockboxSpec.m */; };
		BE0976CC1C573571001E6467 /* libRGLockbox.a in Frameworks */ = {isa = PBXBuildFile; fileRef = BE9ACD001C57347E0052D171 /* libRGLockbox.a */; };
		BE0976D41C59CFD9001E6467 /* RGLockbox+Convenience.m in Sources */ = {isa = PBXBuildFile; fileRef = BE0976D31C59CFD9001E6467 /* RGLockbox+Convenience.m */; };
		BE0976D61C59D006001E6467 /* RGLockbox+ConvenienceSpec.m in Sources */ = {isa = PBXBuildFile; fileRef = BE0976D51C59D006001E6467 /* RGLockbox+ConvenienceSpec.m */; };
		BE9ACD041C57347E0052D171 /* RGLockbox.h in CopyFiles */ = {isa = PBXBuildFile; fileRef = BE9ACD031C57347E0052D171 /* RGLockbox.h */; };
		BE9ACD061C57347E0052D171 /* RGLockbox.m in Sources */ = {isa = PBXBuildFile; fileRef = BE9ACD051C57347E0052D171 /* RGLockbox.m */; };
/* End PBXBuildFile section */

/* Begin PBXContainerItemProxy section */
		BE0976CD1C573571001E6467 /* PBXContainerItemProxy */ = {
			isa = PBXContainerItemProxy;
			containerPortal = BE9ACCF81C57347E0052D171 /* Project object */;
			proxyType = 1;
			remoteGlobalIDString = BE9ACCFF1C57347E0052D171;
			remoteInfo = RGLockbox;
		};
		BEA76BB61C68520000BF5C94 /* PBXContainerItemProxy */ = {
			isa = PBXContainerItemProxy;
			containerPortal = BE9ACCF81C57347E0052D171 /* Project object */;
			proxyType = 1;
			remoteGlobalIDString = BE9ACCFF1C57347E0052D171;
			remoteInfo = RGLockbox;
		};
/* End PBXContainerItemProxy section */

/* Begin PBXCopyFilesBuildPhase section */
		BE9ACCFE1C57347E0052D171 /* CopyFiles */ = {
			isa = PBXCopyFilesBuildPhase;
			buildActionMask = 2147483647;
			dstPath = "include/$(PRODUCT_NAME)";
			dstSubfolderSpec = 16;
			files = (
				BE9ACD041C57347E0052D171 /* RGLockbox.h in CopyFiles */,
			);
			runOnlyForDeploymentPostprocessing = 0;
		};
/* End PBXCopyFilesBuildPhase section */

/* Begin PBXFileReference section */
		BE0976C71C573570001E6467 /* RGLockbox-Tests.xctest */ = {isa = PBXFileReference; explicitFileType = wrapper.cfbundle; includeInIndex = 0; path = "RGLockbox-Tests.xctest"; sourceTree = BUILT_PRODUCTS_DIR; };
		BE0976C91C573571001E6467 /* RGLockboxSpec.m */ = {isa = PBXFileReference; lastKnownFileType = sourcecode.c.objc; path = RGLockboxSpec.m; sourceTree = "<group>"; };
		BE0976CB1C573571001E6467 /* Info.plist */ = {isa = PBXFileReference; lastKnownFileType = text.plist.xml; path = Info.plist; sourceTree = "<group>"; };
		BE0976D21C59CFD9001E6467 /* RGLockbox+Convenience.h */ = {isa = PBXFileReference; fileEncoding = 4; lastKnownFileType = sourcecode.c.h; path = "RGLockbox+Convenience.h"; sourceTree = "<group>"; };
		BE0976D31C59CFD9001E6467 /* RGLockbox+Convenience.m */ = {isa = PBXFileReference; fileEncoding = 4; lastKnownFileType = sourcecode.c.objc; path = "RGLockbox+Convenience.m"; sourceTree = "<group>"; };
		BE0976D51C59D006001E6467 /* RGLockbox+ConvenienceSpec.m */ = {isa = PBXFileReference; fileEncoding = 4; lastKnownFileType = sourcecode.c.objc; path = "RGLockbox+ConvenienceSpec.m"; sourceTree = "<group>"; };
		BE0976D71C59D032001E6467 /* PrefixHeader.pch */ = {isa = PBXFileReference; lastKnownFileType = sourcecode.c.h; path = PrefixHeader.pch; sourceTree = "<group>"; };
		BE0976D81C59D20D001E6467 /* RGDefines.h */ = {isa = PBXFileReference; fileEncoding = 4; lastKnownFileType = sourcecode.c.h; path = RGDefines.h; sourceTree = "<group>"; };
		BE9ACD001C57347E0052D171 /* libRGLockbox.a */ = {isa = PBXFileReference; explicitFileType = archive.ar; includeInIndex = 0; path = libRGLockbox.a; sourceTree = BUILT_PRODUCTS_DIR; };
		BE9ACD031C57347E0052D171 /* RGLockbox.h */ = {isa = PBXFileReference; lastKnownFileType = sourcecode.c.h; path = RGLockbox.h; sourceTree = "<group>"; };
		BE9ACD051C57347E0052D171 /* RGLockbox.m */ = {isa = PBXFileReference; lastKnownFileType = sourcecode.c.objc; path = RGLockbox.m; sourceTree = "<group>"; };
/* End PBXFileReference section */

/* Begin PBXFrameworksBuildPhase section */
		BE0976C41C573570001E6467 /* Frameworks */ = {
			isa = PBXFrameworksBuildPhase;
			buildActionMask = 2147483647;
			files = (
				BE0976CC1C573571001E6467 /* libRGLockbox.a in Frameworks */,
			);
			runOnlyForDeploymentPostprocessing = 0;
		};
		BE9ACCFD1C57347E0052D171 /* Frameworks */ = {
			isa = PBXFrameworksBuildPhase;
			buildActionMask = 2147483647;
			files = (
			);
			runOnlyForDeploymentPostprocessing = 0;
		};
/* End PBXFrameworksBuildPhase section */

/* Begin PBXGroup section */
		BE0976C81C573570001E6467 /* RGLockbox-Tests */ = {
			isa = PBXGroup;
			children = (
				BE0976DA1C59D542001E6467 /* ClassSpecs */,
				BE0976D91C59D539001E6467 /* CategorySpecs */,
				BE0976CB1C573571001E6467 /* Info.plist */,
				BE0976D71C59D032001E6467 /* PrefixHeader.pch */,
			);
			path = "RGLockbox-Tests";
			sourceTree = "<group>";
		};
		BE0976D91C59D539001E6467 /* CategorySpecs */ = {
			isa = PBXGroup;
			children = (
				BE0976D51C59D006001E6467 /* RGLockbox+ConvenienceSpec.m */,
			);
			name = CategorySpecs;
			sourceTree = "<group>";
		};
		BE0976DA1C59D542001E6467 /* ClassSpecs */ = {
			isa = PBXGroup;
			children = (
				BE0976C91C573571001E6467 /* RGLockboxSpec.m */,
			);
			name = ClassSpecs;
			sourceTree = "<group>";
		};
		BE9ACCF71C57347E0052D171 = {
			isa = PBXGroup;
			children = (
				BE9ACD021C57347E0052D171 /* RGLockbox */,
				BE0976C81C573570001E6467 /* RGLockbox-Tests */,
				BE9ACD011C57347E0052D171 /* Products */,
			);
			sourceTree = "<group>";
		};
		BE9ACD011C57347E0052D171 /* Products */ = {
			isa = PBXGroup;
			children = (
				BE9ACD001C57347E0052D171 /* libRGLockbox.a */,
				BE0976C71C573570001E6467 /* RGLockbox-Tests.xctest */,
			);
			name = Products;
			sourceTree = "<group>";
		};
		BE9ACD021C57347E0052D171 /* RGLockbox */ = {
			isa = PBXGroup;
			children = (
				BE0976D81C59D20D001E6467 /* RGDefines.h */,
				BE9ACD031C57347E0052D171 /* RGLockbox.h */,
				BE9ACD051C57347E0052D171 /* RGLockbox.m */,
				BE0976D21C59CFD9001E6467 /* RGLockbox+Convenience.h */,
				BE0976D31C59CFD9001E6467 /* RGLockbox+Convenience.m */,
			);
			path = RGLockbox;
			sourceTree = "<group>";
		};
/* End PBXGroup section */

/* Begin PBXNativeTarget section */
		BE0976C61C573570001E6467 /* RGLockbox-Tests */ = {
			isa = PBXNativeTarget;
			buildConfigurationList = BE0976D11C573571001E6467 /* Build configuration list for PBXNativeTarget "RGLockbox-Tests" */;
			buildPhases = (
				BE0976C31C573570001E6467 /* Sources */,
				BE0976C41C573570001E6467 /* Frameworks */,
				BE0976C51C573570001E6467 /* Resources */,
			);
			buildRules = (
			);
			dependencies = (
				BE0976CE1C573571001E6467 /* PBXTargetDependency */,
			);
			name = "RGLockbox-Tests";
			productName = "RGLockbox-Tests";
			productReference = BE0976C71C573570001E6467 /* RGLockbox-Tests.xctest */;
			productType = "com.apple.product-type.bundle.unit-test";
		};
		BE9ACCFF1C57347E0052D171 /* RGLockbox */ = {
			isa = PBXNativeTarget;
			buildConfigurationList = BE9ACD091C57347E0052D171 /* Build configuration list for PBXNativeTarget "RGLockbox" */;
			buildPhases = (
				BE9ACCFC1C57347E0052D171 /* Sources */,
				BE9ACCFD1C57347E0052D171 /* Frameworks */,
				BE9ACCFE1C57347E0052D171 /* CopyFiles */,
			);
			buildRules = (
			);
			dependencies = (
			);
			name = RGLockbox;
			productName = RGLockbox;
			productReference = BE9ACD001C57347E0052D171 /* libRGLockbox.a */;
			productType = "com.apple.product-type.library.static";
		};
/* End PBXNativeTarget section */

/* Begin PBXProject section */
		BE9ACCF81C57347E0052D171 /* Project object */ = {
			isa = PBXProject;
			attributes = {
				LastUpgradeCheck = 0720;
				ORGANIZATIONNAME = "Ryan Dignard";
				TargetAttributes = {
					BE0976C61C573570001E6467 = {
						CreatedOnToolsVersion = 7.2;
						DevelopmentTeam = 5W2NB69P29;
					};
					BE9ACCFF1C57347E0052D171 = {
						CreatedOnToolsVersion = 7.2;
						DevelopmentTeam = 5W2NB69P29;
					};
					BEA76BB21C6851E600BF5C94 = {
						CreatedOnToolsVersion = 7.2;
						DevelopmentTeam = 5W2NB69P29;
					};
				};
			};
			buildConfigurationList = BE9ACCFB1C57347E0052D171 /* Build configuration list for PBXProject "RGLockbox" */;
			compatibilityVersion = "Xcode 3.2";
			developmentRegion = English;
			hasScannedForEncodings = 0;
			knownRegions = (
				en,
			);
			mainGroup = BE9ACCF71C57347E0052D171;
			productRefGroup = BE9ACD011C57347E0052D171 /* Products */;
			projectDirPath = "";
			projectRoot = "";
			targets = (
				BE9ACCFF1C57347E0052D171 /* RGLockbox */,
				BE0976C61C573570001E6467 /* RGLockbox-Tests */,
				BEA76BB21C6851E600BF5C94 /* OCLint */,
			);
		};
/* End PBXProject section */

/* Begin PBXResourcesBuildPhase section */
		BE0976C51C573570001E6467 /* Resources */ = {
			isa = PBXResourcesBuildPhase;
			buildActionMask = 2147483647;
			files = (
			);
			runOnlyForDeploymentPostprocessing = 0;
		};
/* End PBXResourcesBuildPhase section */

/* Begin PBXShellScriptBuildPhase section */
		BEA76BB81C68520400BF5C94 /* ShellScript */ = {
			isa = PBXShellScriptBuildPhase;
			buildActionMask = 2147483647;
			files = (
			);
			inputPaths = (
			);
			outputPaths = (
			);
			runOnlyForDeploymentPostprocessing = 0;
			shellPath = /bin/sh;
			shellScript = ./oclint_run.sh;
		};
/* End PBXShellScriptBuildPhase section */

/* Begin PBXSourcesBuildPhase section */
		BE0976C31C573570001E6467 /* Sources */ = {
			isa = PBXSourcesBuildPhase;
			buildActionMask = 2147483647;
			files = (
				BE0976D61C59D006001E6467 /* RGLockbox+ConvenienceSpec.m in Sources */,
				BE0976CA1C573571001E6467 /* RGLockboxSpec.m in Sources */,
			);
			runOnlyForDeploymentPostprocessing = 0;
		};
		BE9ACCFC1C57347E0052D171 /* Sources */ = {
			isa = PBXSourcesBuildPhase;
			buildActionMask = 2147483647;
			files = (
				BE9ACD061C57347E0052D171 /* RGLockbox.m in Sources */,
				BE0976D41C59CFD9001E6467 /* RGLockbox+Convenience.m in Sources */,
			);
			runOnlyForDeploymentPostprocessing = 0;
		};
/* End PBXSourcesBuildPhase section */

/* Begin PBXTargetDependency section */
		BE0976CE1C573571001E6467 /* PBXTargetDependency */ = {
			isa = PBXTargetDependency;
			target = BE9ACCFF1C57347E0052D171 /* RGLockbox */;
			targetProxy = BE0976CD1C573571001E6467 /* PBXContainerItemProxy */;
		};
		BEA76BB71C68520000BF5C94 /* PBXTargetDependency */ = {
			isa = PBXTargetDependency;
			target = BE9ACCFF1C57347E0052D171 /* RGLockbox */;
			targetProxy = BEA76BB61C68520000BF5C94 /* PBXContainerItemProxy */;
		};
/* End PBXTargetDependency section */

/* Begin XCBuildConfiguration section */
		BE0976CF1C573571001E6467 /* Debug */ = {
			isa = XCBuildConfiguration;
			buildSettings = {
				GCC_PREFIX_HEADER = "RGLockbox-Tests/PrefixHeader.pch";
				INFOPLIST_FILE = "RGLockbox-Tests/Info.plist";
				IPHONEOS_DEPLOYMENT_TARGET = 8.0;
				LD_RUNPATH_SEARCH_PATHS = "$(inherited) @executable_path/Frameworks @loader_path/Frameworks";
				OTHER_LDFLAGS = "-all_load";
				PRODUCT_BUNDLE_IDENTIFIER = "com.restgoatee.RGLockbox-Tests";
				PRODUCT_NAME = "$(TARGET_NAME)";
			};
			name = Debug;
		};
		BE0976D01C573571001E6467 /* Release */ = {
			isa = XCBuildConfiguration;
			buildSettings = {
				GCC_PREFIX_HEADER = "RGLockbox-Tests/PrefixHeader.pch";
				INFOPLIST_FILE = "RGLockbox-Tests/Info.plist";
				IPHONEOS_DEPLOYMENT_TARGET = 8.0;
				LD_RUNPATH_SEARCH_PATHS = "$(inherited) @executable_path/Frameworks @loader_path/Frameworks";
				OTHER_LDFLAGS = "-all_load";
				PRODUCT_BUNDLE_IDENTIFIER = "com.restgoatee.RGLockbox-Tests";
				PRODUCT_NAME = "$(TARGET_NAME)";
			};
			name = Release;
		};
		BE9ACD071C57347E0052D171 /* Debug */ = {
			isa = XCBuildConfiguration;
			buildSettings = {
				ALWAYS_SEARCH_USER_PATHS = NO;
				CLANG_ANALYZER_SECURITY_FLOATLOOPCOUNTER = YES;
				CLANG_ANALYZER_SECURITY_INSECUREAPI_RAND = YES;
				CLANG_ANALYZER_SECURITY_INSECUREAPI_STRCPY = YES;
				CLANG_CXX_LANGUAGE_STANDARD = "gnu++0x";
				CLANG_CXX_LIBRARY = "libc++";
				CLANG_ENABLE_MODULES = YES;
				CLANG_ENABLE_OBJC_ARC = YES;
				CLANG_WARN_ASSIGN_ENUM = YES;
				CLANG_WARN_BOOL_CONVERSION = YES;
				CLANG_WARN_CONSTANT_CONVERSION = YES;
				CLANG_WARN_CXX0X_EXTENSIONS = YES;
				CLANG_WARN_DEPRECATED_OBJC_IMPLEMENTATIONS = YES;
				CLANG_WARN_DIRECT_OBJC_ISA_USAGE = YES_ERROR;
				CLANG_WARN_DOCUMENTATION_COMMENTS = YES;
				CLANG_WARN_EMPTY_BODY = YES;
				CLANG_WARN_ENUM_CONVERSION = YES;
				CLANG_WARN_IMPLICIT_SIGN_CONVERSION = YES;
				CLANG_WARN_INT_CONVERSION = YES;
				CLANG_WARN_NULLABLE_TO_NONNULL_CONVERSION = YES;
				CLANG_WARN_OBJC_EXPLICIT_OWNERSHIP_TYPE = YES;
				CLANG_WARN_OBJC_IMPLICIT_ATOMIC_PROPERTIES = YES;
				CLANG_WARN_OBJC_IMPLICIT_RETAIN_SELF = YES;
				CLANG_WARN_OBJC_REPEATED_USE_OF_WEAK = YES;
				CLANG_WARN_OBJC_ROOT_CLASS = YES_ERROR;
				CLANG_WARN_SUSPICIOUS_IMPLICIT_CONVERSION = YES;
				CLANG_WARN_UNREACHABLE_CODE = YES;
				CLANG_WARN__DUPLICATE_METHOD_MATCH = YES;
				CLANG_WARN__EXIT_TIME_DESTRUCTORS = YES;
				"CODE_SIGN_IDENTITY[sdk=iphoneos*]" = "iPhone Developer";
				COPY_PHASE_STRIP = NO;
				DEBUG_INFORMATION_FORMAT = dwarf;
				ENABLE_STRICT_OBJC_MSGSEND = YES;
				ENABLE_TESTABILITY = YES;
				GCC_DYNAMIC_NO_PIC = NO;
				GCC_GENERATE_TEST_COVERAGE_FILES = YES;
				GCC_NO_COMMON_BLOCKS = YES;
				GCC_OPTIMIZATION_LEVEL = 0;
				GCC_PREPROCESSOR_DEFINITIONS = (
					"DEBUG=1",
					"$(inherited)",
				);
				GCC_TREAT_IMPLICIT_FUNCTION_DECLARATIONS_AS_ERRORS = YES;
				GCC_TREAT_INCOMPATIBLE_POINTER_TYPE_WARNINGS_AS_ERRORS = YES;
				GCC_WARN_64_TO_32_BIT_CONVERSION = YES;
				GCC_WARN_ABOUT_MISSING_FIELD_INITIALIZERS = YES;
				GCC_WARN_ABOUT_MISSING_NEWLINE = YES;
				GCC_WARN_ABOUT_MISSING_PROTOTYPES = YES;
				GCC_WARN_ABOUT_RETURN_TYPE = YES_ERROR;
				GCC_WARN_FOUR_CHARACTER_CONSTANTS = YES;
				GCC_WARN_HIDDEN_VIRTUAL_FUNCTIONS = YES;
				GCC_WARN_INITIALIZER_NOT_FULLY_BRACKETED = YES;
				GCC_WARN_NON_VIRTUAL_DESTRUCTOR = YES;
				GCC_WARN_PEDANTIC = YES;
				GCC_WARN_SHADOW = YES;
				GCC_WARN_SIGN_COMPARE = YES;
				GCC_WARN_STRICT_SELECTOR_MATCH = YES;
				GCC_WARN_UNDECLARED_SELECTOR = YES;
				GCC_WARN_UNINITIALIZED_AUTOS = YES_AGGRESSIVE;
				GCC_WARN_UNKNOWN_PRAGMAS = YES;
				GCC_WARN_UNUSED_FUNCTION = YES;
				GCC_WARN_UNUSED_LABEL = YES;
				GCC_WARN_UNUSED_PARAMETER = YES;
				GCC_WARN_UNUSED_VARIABLE = YES;
				IPHONEOS_DEPLOYMENT_TARGET = 9.2;
				LLVM_LTO = YES;
				ONLY_ACTIVE_ARCH = YES;
				SDKROOT = iphoneos;
				WARNING_CFLAGS = "-Wno-gnu";
			};
			name = Debug;
		};
		BE9ACD081C57347E0052D171 /* Release */ = {
			isa = XCBuildConfiguration;
			buildSettings = {
				ALWAYS_SEARCH_USER_PATHS = NO;
				CLANG_ANALYZER_SECURITY_FLOATLOOPCOUNTER = YES;
				CLANG_ANALYZER_SECURITY_INSECUREAPI_RAND = YES;
				CLANG_ANALYZER_SECURITY_INSECUREAPI_STRCPY = YES;
				CLANG_CXX_LANGUAGE_STANDARD = "gnu++0x";
				CLANG_CXX_LIBRARY = "libc++";
				CLANG_ENABLE_MODULES = YES;
				CLANG_ENABLE_OBJC_ARC = YES;
				CLANG_WARN_ASSIGN_ENUM = YES;
				CLANG_WARN_BOOL_CONVERSION = YES;
				CLANG_WARN_CONSTANT_CONVERSION = YES;
				CLANG_WARN_CXX0X_EXTENSIONS = YES;
				CLANG_WARN_DEPRECATED_OBJC_IMPLEMENTATIONS = YES;
				CLANG_WARN_DIRECT_OBJC_ISA_USAGE = YES_ERROR;
				CLANG_WARN_DOCUMENTATION_COMMENTS = YES;
				CLANG_WARN_EMPTY_BODY = YES;
				CLANG_WARN_ENUM_CONVERSION = YES;
				CLANG_WARN_IMPLICIT_SIGN_CONVERSION = YES;
				CLANG_WARN_INT_CONVERSION = YES;
				CLANG_WARN_NULLABLE_TO_NONNULL_CONVERSION = YES;
				CLANG_WARN_OBJC_EXPLICIT_OWNERSHIP_TYPE = YES;
				CLANG_WARN_OBJC_IMPLICIT_ATOMIC_PROPERTIES = YES;
				CLANG_WARN_OBJC_IMPLICIT_RETAIN_SELF = YES;
				CLANG_WARN_OBJC_REPEATED_USE_OF_WEAK = YES;
				CLANG_WARN_OBJC_ROOT_CLASS = YES_ERROR;
				CLANG_WARN_SUSPICIOUS_IMPLICIT_CONVERSION = YES;
				CLANG_WARN_UNREACHABLE_CODE = YES;
				CLANG_WARN__DUPLICATE_METHOD_MATCH = YES;
				CLANG_WARN__EXIT_TIME_DESTRUCTORS = YES;
				"CODE_SIGN_IDENTITY[sdk=iphoneos*]" = "iPhone Developer";
				COPY_PHASE_STRIP = NO;
				DEBUG_INFORMATION_FORMAT = "dwarf-with-dsym";
				ENABLE_NS_ASSERTIONS = NO;
				ENABLE_STRICT_OBJC_MSGSEND = YES;
				GCC_GENERATE_TEST_COVERAGE_FILES = YES;
				GCC_NO_COMMON_BLOCKS = YES;
				GCC_TREAT_IMPLICIT_FUNCTION_DECLARATIONS_AS_ERRORS = YES;
				GCC_TREAT_INCOMPATIBLE_POINTER_TYPE_WARNINGS_AS_ERRORS = YES;
				GCC_WARN_64_TO_32_BIT_CONVERSION = YES;
				GCC_WARN_ABOUT_MISSING_FIELD_INITIALIZERS = YES;
				GCC_WARN_ABOUT_MISSING_NEWLINE = YES;
				GCC_WARN_ABOUT_MISSING_PROTOTYPES = YES;
				GCC_WARN_ABOUT_RETURN_TYPE = YES_ERROR;
				GCC_WARN_FOUR_CHARACTER_CONSTANTS = YES;
				GCC_WARN_HIDDEN_VIRTUAL_FUNCTIONS = YES;
				GCC_WARN_INITIALIZER_NOT_FULLY_BRACKETED = YES;
				GCC_WARN_NON_VIRTUAL_DESTRUCTOR = YES;
				GCC_WARN_PEDANTIC = YES;
				GCC_WARN_SHADOW = YES;
				GCC_WARN_SIGN_COMPARE = YES;
				GCC_WARN_STRICT_SELECTOR_MATCH = YES;
				GCC_WARN_UNDECLARED_SELECTOR = YES;
				GCC_WARN_UNINITIALIZED_AUTOS = YES_AGGRESSIVE;
				GCC_WARN_UNKNOWN_PRAGMAS = YES;
				GCC_WARN_UNUSED_FUNCTION = YES;
				GCC_WARN_UNUSED_LABEL = YES;
				GCC_WARN_UNUSED_PARAMETER = YES;
				GCC_WARN_UNUSED_VARIABLE = YES;
				IPHONEOS_DEPLOYMENT_TARGET = 9.2;
				LLVM_LTO = YES;
				SDKROOT = iphoneos;
				VALIDATE_PRODUCT = YES;
				WARNING_CFLAGS = "-Wno-gnu";
			};
			name = Release;
		};
		BE9ACD0A1C57347E0052D171 /* Debug */ = {
			isa = XCBuildConfiguration;
			buildSettings = {
				IPHONEOS_DEPLOYMENT_TARGET = 6.0;
				PRODUCT_NAME = "$(TARGET_NAME)";
				SKIP_INSTALL = YES;
				TVOS_DEPLOYMENT_TARGET = 9.0;
				WATCHOS_DEPLOYMENT_TARGET = 2.0;
			};
			name = Debug;
		};
		BE9ACD0B1C57347E0052D171 /* Release */ = {
			isa = XCBuildConfiguration;
			buildSettings = {
				IPHONEOS_DEPLOYMENT_TARGET = 6.0;
				PRODUCT_NAME = "$(TARGET_NAME)";
				SKIP_INSTALL = YES;
				TVOS_DEPLOYMENT_TARGET = 9.0;
				WATCHOS_DEPLOYMENT_TARGET = 2.0;
			};
			name = Release;
		};
		BEA76BB31C6851E600BF5C94 /* Debug */ = {
			isa = XCBuildConfiguration;
			buildSettings = {
				PRODUCT_NAME = "$(TARGET_NAME)";
			};
			name = Debug;
		};
		BEA76BB41C6851E600BF5C94 /* Release */ = {
			isa = XCBuildConfiguration;
			buildSettings = {
				PRODUCT_NAME = "$(TARGET_NAME)";
			};
			name = Release;
		};
/* End XCBuildConfiguration section */

/* Begin XCConfigurationList section */
		BE0976D11C573571001E6467 /* Build configuration list for PBXNativeTarget "RGLockbox-Tests" */ = {
			isa = XCConfigurationList;
			buildConfigurations = (
				BE0976CF1C573571001E6467 /* Debug */,
				BE0976D01C573571001E6467 /* Release */,
			);
			defaultConfigurationIsVisible = 0;
			defaultConfigurationName = Release;
		};
		BE9ACCFB1C57347E0052D171 /* Build configuration list for PBXProject "RGLockbox" */ = {
			isa = XCConfigurationList;
			buildConfigurations = (
				BE9ACD071C57347E0052D171 /* Debug */,
				BE9ACD081C57347E0052D171 /* Release */,
			);
			defaultConfigurationIsVisible = 0;
			defaultConfigurationName = Release;
		};
		BE9ACD091C57347E0052D171 /* Build configuration list for PBXNativeTarget "RGLockbox" */ = {
			isa = XCConfigurationList;
			buildConfigurations = (
				BE9ACD0A1C57347E0052D171 /* Debug */,
				BE9ACD0B1C57347E0052D171 /* Release */,
			);
			defaultConfigurationIsVisible = 0;
			defaultConfigurationName = Release;
		};
		BEA76BB51C6851E600BF5C94 /* Build configuration list for PBXAggregateTarget "OCLint" */ = {
			isa = XCConfigurationList;
			buildConfigurations = (
				BEA76BB31C6851E600BF5C94 /* Debug */,
				BEA76BB41C6851E600BF5C94 /* Release */,
			);
			defaultConfigurationIsVisible = 0;
			defaultConfigurationName = Release;
		};
/* End XCConfigurationList section */
	};
	rootObject = BE9ACCF81C57347E0052D171 /* Project object */;
}
